
Microsoft Visual Studio Solution File, Format Version 12.00
# Visual Studio Version 16
VisualStudioVersion = 16.0.30413.136
MinimumVisualStudioVersion = 10.0.40219.1
Project("{FAE04EC0-301F-11D3-BF4B-00C04F79EFBC}") = "P1 Code", "P1 Code\P1 Code.csproj", "{FEEC118B-9775-474B-9103-254C5571687C}"
EndProject
Global
	GlobalSection(SolutionConfigurationPlatforms) = preSolution
		Debug|Any CPU = Debug|Any CPU
		Release|Any CPU = Release|Any CPU
	EndGlobalSection
	GlobalSection(ProjectConfigurationPlatforms) = postSolution
		{FEEC118B-9775-474B-9103-254C5571687C}.Debug|Any CPU.ActiveCfg = Debug|Any CPU
		{FEEC118B-9775-474B-9103-254C5571687C}.Debug|Any CPU.Build.0 = Debug|Any CPU
		{FEEC118B-9775-474B-9103-254C5571687C}.Release|Any CPU.ActiveCfg = Release|Any CPU
		{FEEC118B-9775-474B-9103-254C5571687C}.Release|Any CPU.Build.0 = Release|Any CPU
	EndGlobalSection
	GlobalSection(SolutionProperties) = preSolution
		HideSolutionNode = FALSE
	EndGlobalSection
	GlobalSection(ExtensibilityGlobals) = postSolution
		SolutionGuid = {6372DA16-9BF2-4D49-A47D-C45706CB5400}
	EndGlobalSection
EndGlobal
